
Microsoft Visual Studio Solution File, Format Version 11.00
# Visual Studio 2010
Project("{FAE04EC0-301F-11D3-BF4B-00C04F79EFBC}") = "AAF2", "AAF2\AAF2.csproj", "{DD8624FA-7E84-4364-80D0-2DAB637A3765}"
EndProject
Project("{FAE04EC0-301F-11D3-BF4B-00C04F79EFBC}") = "AAF2Test", "AAF2Test\AAF2Test.csproj", "{0224C786-2015-4AB4-90C1-52851401A2F5}"
	ProjectSection(ProjectDependencies) = postProject
		{DD8624FA-7E84-4364-80D0-2DAB637A3765} = {DD8624FA-7E84-4364-80D0-2DAB637A3765}
	EndProjectSection
EndProject
Project("{2150E333-8FDC-42A3-9474-1A3956D46DE8}") = "Solution Items", "Solution Items", "{4859A217-E5A2-4B7A-B377-720AE1337DD4}"
	ProjectSection(SolutionItems) = preProject
		AAF2.ico = AAF2.ico
		..\..\readme.txt = ..\..\readme.txt
	EndProjectSection
EndProject
Project("{FAE04EC0-301F-11D3-BF4B-00C04F79EFBC}") = "FocusAAF2", "FocusAAF2\FocusAAF2.csproj", "{672677E8-BE2E-4EB2-AF9D-B820FC95AD34}"
	ProjectSection(ProjectDependencies) = postProject
		{DD8624FA-7E84-4364-80D0-2DAB637A3765} = {DD8624FA-7E84-4364-80D0-2DAB637A3765}
	EndProjectSection
EndProject
Project("{54435603-DBB4-11D2-8724-00A0C9A8B90C}") = "AAF2Setup", "Setup1\Setup1.vdproj", "{474B2EE7-EE48-4C6D-ACE0-49C19F5F3E92}"
EndProject
Global
	GlobalSection(SubversionScc) = preSolution
		Svn-Managed = True
		Manager = AnkhSVN - Subversion Support for Visual Studio
	EndGlobalSection
	GlobalSection(SolutionConfigurationPlatforms) = preSolution
		Debug|Any CPU = Debug|Any CPU
		Debug|Mixed Platforms = Debug|Mixed Platforms
		Debug|x86 = Debug|x86
		Release|Any CPU = Release|Any CPU
		Release|Mixed Platforms = Release|Mixed Platforms
		Release|x86 = Release|x86
	EndGlobalSection
	GlobalSection(ProjectConfigurationPlatforms) = postSolution
		{DD8624FA-7E84-4364-80D0-2DAB637A3765}.Debug|Any CPU.ActiveCfg = Release|Any CPU
		{DD8624FA-7E84-4364-80D0-2DAB637A3765}.Debug|Any CPU.Build.0 = Release|Any CPU
		{DD8624FA-7E84-4364-80D0-2DAB637A3765}.Debug|Mixed Platforms.ActiveCfg = Debug|Any CPU
		{DD8624FA-7E84-4364-80D0-2DAB637A3765}.Debug|Mixed Platforms.Build.0 = Debug|Any CPU
		{DD8624FA-7E84-4364-80D0-2DAB637A3765}.Debug|x86.ActiveCfg = Debug|Any CPU
		{DD8624FA-7E84-4364-80D0-2DAB637A3765}.Release|Any CPU.ActiveCfg = Release|Any CPU
		{DD8624FA-7E84-4364-80D0-2DAB637A3765}.Release|Any CPU.Build.0 = Release|Any CPU
		{DD8624FA-7E84-4364-80D0-2DAB637A3765}.Release|Mixed Platforms.ActiveCfg = Release|Any CPU
		{DD8624FA-7E84-4364-80D0-2DAB637A3765}.Release|Mixed Platforms.Build.0 = Release|Any CPU
		{DD8624FA-7E84-4364-80D0-2DAB637A3765}.Release|x86.ActiveCfg = Release|Any CPU
		{0224C786-2015-4AB4-90C1-52851401A2F5}.Debug|Any CPU.ActiveCfg = Release|x86
		{0224C786-2015-4AB4-90C1-52851401A2F5}.Debug|Mixed Platforms.ActiveCfg = Debug|x86
		{0224C786-2015-4AB4-90C1-52851401A2F5}.Debug|Mixed Platforms.Build.0 = Debug|x86
		{0224C786-2015-4AB4-90C1-52851401A2F5}.Debug|x86.ActiveCfg = Debug|x86
		{0224C786-2015-4AB4-90C1-52851401A2F5}.Debug|x86.Build.0 = Debug|x86
		{0224C786-2015-4AB4-90C1-52851401A2F5}.Release|Any CPU.ActiveCfg = Release|x86
		{0224C786-2015-4AB4-90C1-52851401A2F5}.Release|Mixed Platforms.ActiveCfg = Release|x86
		{0224C786-2015-4AB4-90C1-52851401A2F5}.Release|Mixed Platforms.Build.0 = Release|x86
		{0224C786-2015-4AB4-90C1-52851401A2F5}.Release|x86.ActiveCfg = Release|x86
		{0224C786-2015-4AB4-90C1-52851401A2F5}.Release|x86.Build.0 = Release|x86
		{672677E8-BE2E-4EB2-AF9D-B820FC95AD34}.Debug|Any CPU.ActiveCfg = Release|x86
		{672677E8-BE2E-4EB2-AF9D-B820FC95AD34}.Debug|Mixed Platforms.ActiveCfg = Debug|x86
		{672677E8-BE2E-4EB2-AF9D-B820FC95AD34}.Debug|Mixed Platforms.Build.0 = Debug|x86
		{672677E8-BE2E-4EB2-AF9D-B820FC95AD34}.Debug|x86.ActiveCfg = Debug|x86
		{672677E8-BE2E-4EB2-AF9D-B820FC95AD34}.Debug|x86.Build.0 = Debug|x86
		{672677E8-BE2E-4EB2-AF9D-B820FC95AD34}.Release|Any CPU.ActiveCfg = Release|x86
		{672677E8-BE2E-4EB2-AF9D-B820FC95AD34}.Release|Mixed Platforms.ActiveCfg = Release|x86
		{672677E8-BE2E-4EB2-AF9D-B820FC95AD34}.Release|Mixed Platforms.Build.0 = Release|x86
		{672677E8-BE2E-4EB2-AF9D-B820FC95AD34}.Release|x86.ActiveCfg = Release|x86
		{672677E8-BE2E-4EB2-AF9D-B820FC95AD34}.Release|x86.Build.0 = Release|x86
		{474B2EE7-EE48-4C6D-ACE0-49C19F5F3E92}.Debug|Any CPU.ActiveCfg = Release
		{474B2EE7-EE48-4C6D-ACE0-49C19F5F3E92}.Debug|Mixed Platforms.ActiveCfg = Debug
		{474B2EE7-EE48-4C6D-ACE0-49C19F5F3E92}.Debug|x86.ActiveCfg = Debug
		{474B2EE7-EE48-4C6D-ACE0-49C19F5F3E92}.Release|Any CPU.ActiveCfg = Release
		{474B2EE7-EE48-4C6D-ACE0-49C19F5F3E92}.Release|Mixed Platforms.ActiveCfg = Release
		{474B2EE7-EE48-4C6D-ACE0-49C19F5F3E92}.Release|x86.ActiveCfg = Release
	EndGlobalSection
	GlobalSection(SolutionProperties) = preSolution
		HideSolutionNode = FALSE
	EndGlobalSection
EndGlobal
